
Microsoft Visual Studio Solution File, Format Version 12.00
# Visual Studio 15
VisualStudioVersion = 15.0.28010.2019
MinimumVisualStudioVersion = 10.0.40219.1
Project("{FAE04EC0-301F-11D3-BF4B-00C04F79EFBC}") = "Game1", "Game1\Game1.csproj", "{79FAF564-5569-4B25-976F-E7CF25E615FD}"
EndProject
Global
	GlobalSection(SolutionConfigurationPlatforms) = preSolution
		Debug|Any CPU = Debug|Any CPU
		Release|Any CPU = Release|Any CPU
	EndGlobalSection
	GlobalSection(ProjectConfigurationPlatforms) = postSolution
		{79FAF564-5569-4B25-976F-E7CF25E615FD}.Debug|Any CPU.ActiveCfg = Debug|Any CPU
		{79FAF564-5569-4B25-976F-E7CF25E615FD}.Debug|Any CPU.Build.0 = Debug|Any CPU
		{79FAF564-5569-4B25-976F-E7CF25E615FD}.Release|Any CPU.ActiveCfg = Release|Any CPU
		{79FAF564-5569-4B25-976F-E7CF25E615FD}.Release|Any CPU.Build.0 = Release|Any CPU
	EndGlobalSection
	GlobalSection(SolutionProperties) = preSolution
		HideSolutionNode = FALSE
	EndGlobalSection
	GlobalSection(ExtensibilityGlobals) = postSolution
		SolutionGuid = {00F8EBC3-D8CA-4229-AC92-996087145282}
	EndGlobalSection
EndGlobal
